// !$*UTF8*$!
{
	archiveVersion = 1;
	classes = {
	};
	objectVersion = 77;
	objects = {

/* Begin PBXContainerItemProxy section */
		FD4841F42D7096E70037AA76 /* PBXContainerItemProxy */ = {
			isa = PBXContainerItemProxy;
			containerPortal = FD4841D92D7096E60037AA76 /* Project object */;
			proxyType = 1;
			remoteGlobalIDString = FD4841E02D7096E60037AA76;
			remoteInfo = Tyme;
		};
		FD4841FE2D7096E70037AA76 /* PBXContainerItemProxy */ = {
			isa = PBXContainerItemProxy;
			containerPortal = FD4841D92D7096E60037AA76 /* Project object */;
			proxyType = 1;
			remoteGlobalIDString = FD4841E02D7096E60037AA76;
			remoteInfo = Tyme;
		};
/* End PBXContainerItemProxy section */

/* Begin PBXFileReference section */
		FD4841E12D7096E60037AA76 /* Tyme.app */ = {isa = PBXFileReference; explicitFileType = wrapper.application; includeInIndex = 0; path = Tyme.app; sourceTree = BUILT_PRODUCTS_DIR; };
		FD4841F32D7096E70037AA76 /* TymeTests.xctest */ = {isa = PBXFileReference; explicitFileType = wrapper.cfbundle; includeInIndex = 0; path = TymeTests.xctest; sourceTree = BUILT_PRODUCTS_DIR; };
		FD4841FD2D7096E70037AA76 /* TymeUITests.xctest */ = {isa = PBXFileReference; explicitFileType = wrapper.cfbundle; includeInIndex = 0; path = TymeUITests.xctest; sourceTree = BUILT_PRODUCTS_DIR; };
/* End PBXFileReference section */

/* Begin PBXFileSystemSynchronizedBuildFileExceptionSet section */
		FD4842142D7098DE0037AA76 /* Exceptions for "Tyme" folder in "TymeUITests" target */ = {
			isa = PBXFileSystemSynchronizedBuildFileExceptionSet;
			membershipExceptions = (
				"Extensions/Ext+View.swift",
				Screens/HostingScreen.swift,
				Screens/UserDetailsScreen.swift,
				Screens/UserListScreen.swift,
				Views/CachedAsyncImageView.swift,
				Views/UserItemView.swift,
			);
			target = FD4841FC2D7096E70037AA76 /* TymeUITests */;
		};
		FD48421F2D709A940037AA76 /* Exceptions for "Tyme" folder in "TymeTests" target */ = {
			isa = PBXFileSystemSynchronizedBuildFileExceptionSet;
			membershipExceptions = (
				Models/User.swift,
				"View Models/UserListViewModel.swift",
				Views/CachedAsyncImageView.swift,
			);
			target = FD4841F22D7096E70037AA76 /* TymeTests */;
		};
/* End PBXFileSystemSynchronizedBuildFileExceptionSet section */

/* Begin PBXFileSystemSynchronizedRootGroup section */
		FD4841E32D7096E60037AA76 /* Tyme */ = {
			isa = PBXFileSystemSynchronizedRootGroup;
			exceptions = (
				FD48421F2D709A940037AA76 /* Exceptions for "Tyme" folder in "TymeTests" target */,
				FD4842142D7098DE0037AA76 /* Exceptions for "Tyme" folder in "TymeUITests" target */,
			);
			path = Tyme;
			sourceTree = "<group>";
		};
		FD4841F62D7096E70037AA76 /* TymeTests */ = {
			isa = PBXFileSystemSynchronizedRootGroup;
			path = TymeTests;
			sourceTree = "<group>";
		};
		FD4842002D7096E70037AA76 /* TymeUITests */ = {
			isa = PBXFileSystemSynchronizedRootGroup;
			path = TymeUITests;
			sourceTree = "<group>";
		};
/* End PBXFileSystemSynchronizedRootGroup section */

/* Begin PBXFrameworksBuildPhase section */
		FD4841DE2D7096E60037AA76 /* Frameworks */ = {
			isa = PBXFrameworksBuildPhase;
			buildActionMask = 2147483647;
			files = (
			);
			runOnlyForDeploymentPostprocessing = 0;
		};
		FD4841F02D7096E70037AA76 /* Frameworks */ = {
			isa = PBXFrameworksBuildPhase;
			buildActionMask = 2147483647;
			files = (
			);
			runOnlyForDeploymentPostprocessing = 0;
		};
		FD4841FA2D7096E70037AA76 /* Frameworks */ = {
			isa = PBXFrameworksBuildPhase;
			buildActionMask = 2147483647;
			files = (
			);
			runOnlyForDeploymentPostprocessing = 0;
		};
/* End PBXFrameworksBuildPhase section */

/* Begin PBXGroup section */
		FD4841D82D7096E60037AA76 = {
			isa = PBXGroup;
			children = (
				FD4841E32D7096E60037AA76 /* Tyme */,
				FD4841F62D7096E70037AA76 /* TymeTests */,
				FD4842002D7096E70037AA76 /* TymeUITests */,
				FD4841E22D7096E60037AA76 /* Products */,
			);
			sourceTree = "<group>";
		};
		FD4841E22D7096E60037AA76 /* Products */ = {
			isa = PBXGroup;
			children = (
				FD4841E12D7096E60037AA76 /* Tyme.app */,
				FD4841F32D7096E70037AA76 /* TymeTests.xctest */,
				FD4841FD2D7096E70037AA76 /* TymeUITests.xctest */,
			);
			name = Products;
			sourceTree = "<group>";
		};
/* End PBXGroup section */

/* Begin PBXNativeTarget section */
		FD4841E02D7096E60037AA76 /* Tyme */ = {
			isa = PBXNativeTarget;
			buildConfigurationList = FD4842072D7096E70037AA76 /* Build configuration list for PBXNativeTarget "Tyme" */;
			buildPhases = (
				FD4841DD2D7096E60037AA76 /* Sources */,
				FD4841DE2D7096E60037AA76 /* Frameworks */,
				FD4841DF2D7096E60037AA76 /* Resources */,
			);
			buildRules = (
			);
			dependencies = (
			);
			fileSystemSynchronizedGroups = (
				FD4841E32D7096E60037AA76 /* Tyme */,
			);
			name = Tyme;
			packageProductDependencies = (
			);
			productName = Tyme;
			productReference = FD4841E12D7096E60037AA76 /* Tyme.app */;
			productType = "com.apple.product-type.application";
		};
		FD4841F22D7096E70037AA76 /* TymeTests */ = {
			isa = PBXNativeTarget;
			buildConfigurationList = FD48420A2D7096E70037AA76 /* Build configuration list for PBXNativeTarget "TymeTests" */;
			buildPhases = (
				FD4841EF2D7096E70037AA76 /* Sources */,
				FD4841F02D7096E70037AA76 /* Frameworks */,
				FD4841F12D7096E70037AA76 /* Resources */,
			);
			buildRules = (
			);
			dependencies = (
				FD4841F52D7096E70037AA76 /* PBXTargetDependency */,
			);
			fileSystemSynchronizedGroups = (
				FD4841F62D7096E70037AA76 /* TymeTests */,
			);
			name = TymeTests;
			packageProductDependencies = (
			);
			productName = TymeTests;
			productReference = FD4841F32D7096E70037AA76 /* TymeTests.xctest */;
			productType = "com.apple.product-type.bundle.unit-test";
		};
		FD4841FC2D7096E70037AA76 /* TymeUITests */ = {
			isa = PBXNativeTarget;
			buildConfigurationList = FD48420D2D7096E70037AA76 /* Build configuration list for PBXNativeTarget "TymeUITests" */;
			buildPhases = (
				FD4841F92D7096E70037AA76 /* Sources */,
				FD4841FA2D7096E70037AA76 /* Frameworks */,
				FD4841FB2D7096E70037AA76 /* Resources */,
			);
			buildRules = (
			);
			dependencies = (
				FD4841FF2D7096E70037AA76 /* PBXTargetDependency */,
			);
			fileSystemSynchronizedGroups = (
				FD4842002D7096E70037AA76 /* TymeUITests */,
			);
			name = TymeUITests;
			packageProductDependencies = (
			);
			productName = TymeUITests;
			productReference = FD4841FD2D7096E70037AA76 /* TymeUITests.xctest */;
			productType = "com.apple.product-type.bundle.ui-testing";
		};
/* End PBXNativeTarget section */

/* Begin PBXProject section */
		FD4841D92D7096E60037AA76 /* Project object */ = {
			isa = PBXProject;
			attributes = {
				BuildIndependentTargetsInParallel = 1;
				LastSwiftUpdateCheck = 1620;
				LastUpgradeCheck = 1620;
				TargetAttributes = {
					FD4841E02D7096E60037AA76 = {
						CreatedOnToolsVersion = 16.2;
					};
					FD4841F22D7096E70037AA76 = {
						CreatedOnToolsVersion = 16.2;
						TestTargetID = FD4841E02D7096E60037AA76;
					};
					FD4841FC2D7096E70037AA76 = {
						CreatedOnToolsVersion = 16.2;
						TestTargetID = FD4841E02D7096E60037AA76;
					};
				};
			};
			buildConfigurationList = FD4841DC2D7096E60037AA76 /* Build configuration list for PBXProject "Tyme" */;
			developmentRegion = en;
			hasScannedForEncodings = 0;
			knownRegions = (
				en,
				Base,
			);
			mainGroup = FD4841D82D7096E60037AA76;
			minimizedProjectReferenceProxies = 1;
			preferredProjectObjectVersion = 77;
			productRefGroup = FD4841E22D7096E60037AA76 /* Products */;
			projectDirPath = "";
			projectRoot = "";
			targets = (
				FD4841E02D7096E60037AA76 /* Tyme */,
				FD4841F22D7096E70037AA76 /* TymeTests */,
				FD4841FC2D7096E70037AA76 /* TymeUITests */,
			);
		};
/* End PBXProject section */

/* Begin PBXResourcesBuildPhase section */
		FD4841DF2D7096E60037AA76 /* Resources */ = {
			isa = PBXResourcesBuildPhase;
			buildActionMask = 2147483647;
			files = (
			);
			runOnlyForDeploymentPostprocessing = 0;
		};
		FD4841F12D7096E70037AA76 /* Resources */ = {
			isa = PBXResourcesBuildPhase;
			buildActionMask = 2147483647;
			files = (
			);
			runOnlyForDeploymentPostprocessing = 0;
		};
		FD4841FB2D7096E70037AA76 /* Resources */ = {
			isa = PBXResourcesBuildPhase;
			buildActionMask = 2147483647;
			files = (
			);
			runOnlyForDeploymentPostprocessing = 0;
		};
/* End PBXResourcesBuildPhase section */

/* Begin PBXSourcesBuildPhase section */
		FD4841DD2D7096E60037AA76 /* Sources */ = {
			isa = PBXSourcesBuildPhase;
			buildActionMask = 2147483647;
			files = (
			);
			runOnlyForDeploymentPostprocessing = 0;
		};
		FD4841EF2D7096E70037AA76 /* Sources */ = {
			isa = PBXSourcesBuildPhase;
			buildActionMask = 2147483647;
			files = (
			);
			runOnlyForDeploymentPostprocessing = 0;
		};
		FD4841F92D7096E70037AA76 /* Sources */ = {
			isa = PBXSourcesBuildPhase;
			buildActionMask = 2147483647;
			files = (
			);
			runOnlyForDeploymentPostprocessing = 0;
		};
/* End PBXSourcesBuildPhase section */

/* Begin PBXTargetDependency section */
		FD4841F52D7096E70037AA76 /* PBXTargetDependency */ = {
			isa = PBXTargetDependency;
			target = FD4841E02D7096E60037AA76 /* Tyme */;
			targetProxy = FD4841F42D7096E70037AA76 /* PBXContainerItemProxy */;
		};
		FD4841FF2D7096E70037AA76 /* PBXTargetDependency */ = {
			isa = PBXTargetDependency;
			target = FD4841E02D7096E60037AA76 /* Tyme */;
			targetProxy = FD4841FE2D7096E70037AA76 /* PBXContainerItemProxy */;
		};
/* End PBXTargetDependency section */

/* Begin XCBuildConfiguration section */
		FD4842052D7096E70037AA76 /* Debug */ = {
			isa = XCBuildConfiguration;
			buildSettings = {
				ALWAYS_SEARCH_USER_PATHS = NO;
				ASSETCATALOG_COMPILER_GENERATE_SWIFT_ASSET_SYMBOL_EXTENSIONS = YES;
				CLANG_ANALYZER_NONNULL = YES;
				CLANG_ANALYZER_NUMBER_OBJECT_CONVERSION = YES_AGGRESSIVE;
				CLANG_CXX_LANGUAGE_STANDARD = "gnu++20";
				CLANG_ENABLE_MODULES = YES;
				CLANG_ENABLE_OBJC_ARC = YES;
				CLANG_ENABLE_OBJC_WEAK = YES;
				CLANG_WARN_BLOCK_CAPTURE_AUTORELEASING = YES;
				CLANG_WARN_BOOL_CONVERSION = YES;
				CLANG_WARN_COMMA = YES;
				CLANG_WARN_CONSTANT_CONVERSION = YES;
				CLANG_WARN_DEPRECATED_OBJC_IMPLEMENTATIONS = YES;
				CLANG_WARN_DIRECT_OBJC_ISA_USAGE = YES_ERROR;
				CLANG_WARN_DOCUMENTATION_COMMENTS = YES;
				CLANG_WARN_EMPTY_BODY = YES;
				CLANG_WARN_ENUM_CONVERSION = YES;
				CLANG_WARN_INFINITE_RECURSION = YES;
				CLANG_WARN_INT_CONVERSION = YES;
				CLANG_WARN_NON_LITERAL_NULL_CONVERSION = YES;
				CLANG_WARN_OBJC_IMPLICIT_RETAIN_SELF = YES;
				CLANG_WARN_OBJC_LITERAL_CONVERSION = YES;
				CLANG_WARN_OBJC_ROOT_CLASS = YES_ERROR;
				CLANG_WARN_QUOTED_INCLUDE_IN_FRAMEWORK_HEADER = YES;
				CLANG_WARN_RANGE_LOOP_ANALYSIS = YES;
				CLANG_WARN_STRICT_PROTOTYPES = YES;
				CLANG_WARN_SUSPICIOUS_MOVE = YES;
				CLANG_WARN_UNGUARDED_AVAILABILITY = YES_AGGRESSIVE;
				CLANG_WARN_UNREACHABLE_CODE = YES;
				CLANG_WARN__DUPLICATE_METHOD_MATCH = YES;
				COPY_PHASE_STRIP = NO;
				DEBUG_INFORMATION_FORMAT = dwarf;
				ENABLE_STRICT_OBJC_MSGSEND = YES;
				ENABLE_TESTABILITY = YES;
				ENABLE_USER_SCRIPT_SANDBOXING = YES;
				GCC_C_LANGUAGE_STANDARD = gnu17;
				GCC_DYNAMIC_NO_PIC = NO;
				GCC_NO_COMMON_BLOCKS = YES;
				GCC_OPTIMIZATION_LEVEL = 0;
				GCC_PREPROCESSOR_DEFINITIONS = (
					"DEBUG=1",
					"$(inherited)",
				);
				GCC_WARN_64_TO_32_BIT_CONVERSION = YES;
				GCC_WARN_ABOUT_RETURN_TYPE = YES_ERROR;
				GCC_WARN_UNDECLARED_SELECTOR = YES;
				GCC_WARN_UNINITIALIZED_AUTOS = YES_AGGRESSIVE;
				GCC_WARN_UNUSED_FUNCTION = YES;
				GCC_WARN_UNUSED_VARIABLE = YES;
				IPHONEOS_DEPLOYMENT_TARGET = 18.2;
				LOCALIZATION_PREFERS_STRING_CATALOGS = YES;
				MTL_ENABLE_DEBUG_INFO = INCLUDE_SOURCE;
				MTL_FAST_MATH = YES;
				ONLY_ACTIVE_ARCH = YES;
				SDKROOT = iphoneos;
				SWIFT_ACTIVE_COMPILATION_CONDITIONS = "DEBUG $(inherited)";
				SWIFT_OPTIMIZATION_LEVEL = "-Onone";
			};
			name = Debug;
		};
		FD4842062D7096E70037AA76 /* Release */ = {
			isa = XCBuildConfiguration;
			buildSettings = {
				ALWAYS_SEARCH_USER_PATHS = NO;
				ASSETCATALOG_COMPILER_GENERATE_SWIFT_ASSET_SYMBOL_EXTENSIONS = YES;
				CLANG_ANALYZER_NONNULL = YES;
				CLANG_ANALYZER_NUMBER_OBJECT_CONVERSION = YES_AGGRESSIVE;
				CLANG_CXX_LANGUAGE_STANDARD = "gnu++20";
				CLANG_ENABLE_MODULES = YES;
				CLANG_ENABLE_OBJC_ARC = YES;
				CLANG_ENABLE_OBJC_WEAK = YES;
				CLANG_WARN_BLOCK_CAPTURE_AUTORELEASING = YES;
				CLANG_WARN_BOOL_CONVERSION = YES;
				CLANG_WARN_COMMA = YES;
				CLANG_WARN_CONSTANT_CONVERSION = YES;
				CLANG_WARN_DEPRECATED_OBJC_IMPLEMENTATIONS = YES;
				CLANG_WARN_DIRECT_OBJC_ISA_USAGE = YES_ERROR;
				CLANG_WARN_DOCUMENTATION_COMMENTS = YES;
				CLANG_WARN_EMPTY_BODY = YES;
				CLANG_WARN_ENUM_CONVERSION = YES;
				CLANG_WARN_INFINITE_RECURSION = YES;
				CLANG_WARN_INT_CONVERSION = YES;
				CLANG_WARN_NON_LITERAL_NULL_CONVERSION = YES;
				CLANG_WARN_OBJC_IMPLICIT_RETAIN_SELF = YES;
				CLANG_WARN_OBJC_LITERAL_CONVERSION = YES;
				CLANG_WARN_OBJC_ROOT_CLASS = YES_ERROR;
				CLANG_WARN_QUOTED_INCLUDE_IN_FRAMEWORK_HEADER = YES;
				CLANG_WARN_RANGE_LOOP_ANALYSIS = YES;
				CLANG_WARN_STRICT_PROTOTYPES = YES;
				CLANG_WARN_SUSPICIOUS_MOVE = YES;
				CLANG_WARN_UNGUARDED_AVAILABILITY = YES_AGGRESSIVE;
				CLANG_WARN_UNREACHABLE_CODE = YES;
				CLANG_WARN__DUPLICATE_METHOD_MATCH = YES;
				COPY_PHASE_STRIP = NO;
				DEBUG_INFORMATION_FORMAT = "dwarf-with-dsym";
				ENABLE_NS_ASSERTIONS = NO;
				ENABLE_STRICT_OBJC_MSGSEND = YES;
				ENABLE_USER_SCRIPT_SANDBOXING = YES;
				GCC_C_LANGUAGE_STANDARD = gnu17;
				GCC_NO_COMMON_BLOCKS = YES;
				GCC_WARN_64_TO_32_BIT_CONVERSION = YES;
				GCC_WARN_ABOUT_RETURN_TYPE = YES_ERROR;
				GCC_WARN_UNDECLARED_SELECTOR = YES;
				GCC_WARN_UNINITIALIZED_AUTOS = YES_AGGRESSIVE;
				GCC_WARN_UNUSED_FUNCTION = YES;
				GCC_WARN_UNUSED_VARIABLE = YES;
				IPHONEOS_DEPLOYMENT_TARGET = 18.2;
				LOCALIZATION_PREFERS_STRING_CATALOGS = YES;
				MTL_ENABLE_DEBUG_INFO = NO;
				MTL_FAST_MATH = YES;
				SDKROOT = iphoneos;
				SWIFT_COMPILATION_MODE = wholemodule;
				VALIDATE_PRODUCT = YES;
			};
			name = Release;
		};
		FD4842082D7096E70037AA76 /* Debug */ = {
			isa = XCBuildConfiguration;
			buildSettings = {
				ASSETCATALOG_COMPILER_APPICON_NAME = AppIcon;
				ASSETCATALOG_COMPILER_GLOBAL_ACCENT_COLOR_NAME = AccentColor;
				CODE_SIGN_STYLE = Automatic;
				CURRENT_PROJECT_VERSION = 1;
				DEVELOPMENT_ASSET_PATHS = "\"Tyme/Preview Content\"";
				ENABLE_PREVIEWS = YES;
				GENERATE_INFOPLIST_FILE = YES;
				INFOPLIST_KEY_UIApplicationSceneManifest_Generation = YES;
				INFOPLIST_KEY_UIApplicationSupportsIndirectInputEvents = YES;
				INFOPLIST_KEY_UILaunchScreen_Generation = YES;
				INFOPLIST_KEY_UISupportedInterfaceOrientations_iPad = "UIInterfaceOrientationPortrait UIInterfaceOrientationPortraitUpsideDown UIInterfaceOrientationLandscapeLeft UIInterfaceOrientationLandscapeRight";
				INFOPLIST_KEY_UISupportedInterfaceOrientations_iPhone = "UIInterfaceOrientationPortrait UIInterfaceOrientationLandscapeLeft UIInterfaceOrientationLandscapeRight";
				IPHONEOS_DEPLOYMENT_TARGET = 17.6;
				LD_RUNPATH_SEARCH_PATHS = (
					"$(inherited)",
					"@executable_path/Frameworks",
				);
				MARKETING_VERSION = 1.0;
				PRODUCT_BUNDLE_IDENTIFIER = com.vinhlabs.test.Tyme;
				PRODUCT_NAME = "$(TARGET_NAME)";
				SWIFT_EMIT_LOC_STRINGS = YES;
				SWIFT_VERSION = 5.0;
				TARGETED_DEVICE_FAMILY = "1,2";
			};
			name = Debug;
		};
		FD4842092D7096E70037AA76 /* Release */ = {
			isa = XCBuildConfiguration;
			buildSettings = {
				ASSETCATALOG_COMPILER_APPICON_NAME = AppIcon;
				ASSETCATALOG_COMPILER_GLOBAL_ACCENT_COLOR_NAME = AccentColor;
				CODE_SIGN_STYLE = Automatic;
				CURRENT_PROJECT_VERSION = 1;
				DEVELOPMENT_ASSET_PATHS = "\"Tyme/Preview Content\"";
				ENABLE_PREVIEWS = YES;
				GENERATE_INFOPLIST_FILE = YES;
				INFOPLIST_KEY_UIApplicationSceneManifest_Generation = YES;
				INFOPLIST_KEY_UIApplicationSupportsIndirectInputEvents = YES;
				INFOPLIST_KEY_UILaunchScreen_Generation = YES;
				INFOPLIST_KEY_UISupportedInterfaceOrientations_iPad = "UIInterfaceOrientationPortrait UIInterfaceOrientationPortraitUpsideDown UIInterfaceOrientationLandscapeLeft UIInterfaceOrientationLandscapeRight";
				INFOPLIST_KEY_UISupportedInterfaceOrientations_iPhone = "UIInterfaceOrientationPortrait UIInterfaceOrientationLandscapeLeft UIInterfaceOrientationLandscapeRight";
				IPHONEOS_DEPLOYMENT_TARGET = 17.6;
				LD_RUNPATH_SEARCH_PATHS = (
					"$(inherited)",
					"@executable_path/Frameworks",
				);
				MARKETING_VERSION = 1.0;
				PRODUCT_BUNDLE_IDENTIFIER = com.vinhlabs.test.Tyme;
				PRODUCT_NAME = "$(TARGET_NAME)";
				SWIFT_EMIT_LOC_STRINGS = YES;
				SWIFT_VERSION = 5.0;
				TARGETED_DEVICE_FAMILY = "1,2";
			};
			name = Release;
		};
		FD48420B2D7096E70037AA76 /* Debug */ = {
			isa = XCBuildConfiguration;
			buildSettings = {
				BUNDLE_LOADER = "$(TEST_HOST)";
				CODE_SIGN_STYLE = Automatic;
				CURRENT_PROJECT_VERSION = 1;
				GENERATE_INFOPLIST_FILE = YES;
				IPHONEOS_DEPLOYMENT_TARGET = 18.2;
				MARKETING_VERSION = 1.0;
				PRODUCT_BUNDLE_IDENTIFIER = com.vinhlabs.test.TymeTests;
				PRODUCT_NAME = "$(TARGET_NAME)";
				SWIFT_EMIT_LOC_STRINGS = NO;
				SWIFT_VERSION = 5.0;
				TARGETED_DEVICE_FAMILY = "1,2";
				TEST_HOST = "$(BUILT_PRODUCTS_DIR)/Tyme.app/$(BUNDLE_EXECUTABLE_FOLDER_PATH)/Tyme";
			};
			name = Debug;
		};
		FD48420C2D7096E70037AA76 /* Release */ = {
			isa = XCBuildConfiguration;
			buildSettings = {
				BUNDLE_LOADER = "$(TEST_HOST)";
				CODE_SIGN_STYLE = Automatic;
				CURRENT_PROJECT_VERSION = 1;
				GENERATE_INFOPLIST_FILE = YES;
				IPHONEOS_DEPLOYMENT_TARGET = 18.2;
				MARKETING_VERSION = 1.0;
				PRODUCT_BUNDLE_IDENTIFIER = com.vinhlabs.test.TymeTests;
				PRODUCT_NAME = "$(TARGET_NAME)";
				SWIFT_EMIT_LOC_STRINGS = NO;
				SWIFT_VERSION = 5.0;
				TARGETED_DEVICE_FAMILY = "1,2";
				TEST_HOST = "$(BUILT_PRODUCTS_DIR)/Tyme.app/$(BUNDLE_EXECUTABLE_FOLDER_PATH)/Tyme";
			};
			name = Release;
		};
		FD48420E2D7096E70037AA76 /* Debug */ = {
			isa = XCBuildConfiguration;
			buildSettings = {
				CODE_SIGN_STYLE = Automatic;
				CURRENT_PROJECT_VERSION = 1;
				GENERATE_INFOPLIST_FILE = YES;
				MARKETING_VERSION = 1.0;
				PRODUCT_BUNDLE_IDENTIFIER = com.vinhlabs.test.TymeUITests;
				PRODUCT_NAME = "$(TARGET_NAME)";
				SWIFT_EMIT_LOC_STRINGS = NO;
				SWIFT_VERSION = 5.0;
				TARGETED_DEVICE_FAMILY = "1,2";
				TEST_TARGET_NAME = Tyme;
			};
			name = Debug;
		};
		FD48420F2D7096E70037AA76 /* Release */ = {
			isa = XCBuildConfiguration;
			buildSettings = {
				CODE_SIGN_STYLE = Automatic;
				CURRENT_PROJECT_VERSION = 1;
				GENERATE_INFOPLIST_FILE = YES;
				MARKETING_VERSION = 1.0;
				PRODUCT_BUNDLE_IDENTIFIER = com.vinhlabs.test.TymeUITests;
				PRODUCT_NAME = "$(TARGET_NAME)";
				SWIFT_EMIT_LOC_STRINGS = NO;
				SWIFT_VERSION = 5.0;
				TARGETED_DEVICE_FAMILY = "1,2";
				TEST_TARGET_NAME = Tyme;
			};
			name = Release;
		};
/* End XCBuildConfiguration section */

/* Begin XCConfigurationList section */
		FD4841DC2D7096E60037AA76 /* Build configuration list for PBXProject "Tyme" */ = {
			isa = XCConfigurationList;
			buildConfigurations = (
				FD4842052D7096E70037AA76 /* Debug */,
				FD4842062D7096E70037AA76 /* Release */,
			);
			defaultConfigurationIsVisible = 0;
			defaultConfigurationName = Release;
		};
		FD4842072D7096E70037AA76 /* Build configuration list for PBXNativeTarget "Tyme" */ = {
			isa = XCConfigurationList;
			buildConfigurations = (
				FD4842082D7096E70037AA76 /* Debug */,
				FD4842092D7096E70037AA76 /* Release */,
			);
			defaultConfigurationIsVisible = 0;
			defaultConfigurationName = Release;
		};
		FD48420A2D7096E70037AA76 /* Build configuration list for PBXNativeTarget "TymeTests" */ = {
			isa = XCConfigurationList;
			buildConfigurations = (
				FD48420B2D7096E70037AA76 /* Debug */,
				FD48420C2D7096E70037AA76 /* Release */,
			);
			defaultConfigurationIsVisible = 0;
			defaultConfigurationName = Release;
		};
		FD48420D2D7096E70037AA76 /* Build configuration list for PBXNativeTarget "TymeUITests" */ = {
			isa = XCConfigurationList;
			buildConfigurations = (
				FD48420E2D7096E70037AA76 /* Debug */,
				FD48420F2D7096E70037AA76 /* Release */,
			);
			defaultConfigurationIsVisible = 0;
			defaultConfigurationName = Release;
		};
/* End XCConfigurationList section */
	};
	rootObject = FD4841D92D7096E60037AA76 /* Project object */;
}
