// !$*UTF8*$!
{
	archiveVersion = 1;
	classes = {
	};
	objectVersion = 77;
	objects = {

/* Begin PBXContainerItemProxy section */
		FD4841F42D7096E70037AA76 /* PBXContainerItemProxy */ = {
			isa = PBXContainerItemProxy;
			containerPortal = FD4841D92D7096E60037AA76 /* Project object */;
			proxyType = 1;
			remoteGlobalIDString = FD4841E02D7096E60037AA76;
			remoteInfo = Tyme;
		};
		FD4841FE2D7096E70037AA76 /* PBXContainerItemProxy */ = {
			isa = PBXContainerItemProxy;
			containerPortal = FD4841D92D7096E60037AA76 /* Project object */;
			proxyType = 1;
			remoteGlobalIDString = FD4841E02D7096E60037AA76;
			remoteInfo = Tyme;
		};
		FDD3D26C2D75A76D00C0BED4 /* PBXContainerItemProxy */ = {
			isa = PBXContainerItemProxy;
			containerPortal = FD4841D92D7096E60037AA76 /* Project object */;
			proxyType = 1;
			remoteGlobalIDString = FDD3D2602D75A75F00C0BED4;
			remoteInfo = TestUtils;
		};
		FDD3D2712D75A77100C0BED4 /* PBXContainerItemProxy */ = {
			isa = PBXContainerItemProxy;
			containerPortal = FD4841D92D7096E60037AA76 /* Project object */;
			proxyType = 1;
			remoteGlobalIDString = FDD3D2602D75A75F00C0BED4;
			remoteInfo = TestUtils;
		};
/* End PBXContainerItemProxy section */

/* Begin PBXCopyFilesBuildPhase section */
		FDD3D26E2D75A76E00C0BED4 /* Embed Frameworks */ = {
			isa = PBXCopyFilesBuildPhase;
			buildActionMask = 2147483647;
			dstPath = "";
			dstSubfolderSpec = 10;
			files = (
			);
			name = "Embed Frameworks";
			runOnlyForDeploymentPostprocessing = 0;
		};
		FDD3D2732D75A77100C0BED4 /* Embed Frameworks */ = {
			isa = PBXCopyFilesBuildPhase;
			buildActionMask = 2147483647;
			dstPath = "";
			dstSubfolderSpec = 10;
			files = (
			);
			name = "Embed Frameworks";
			runOnlyForDeploymentPostprocessing = 0;
		};
/* End PBXCopyFilesBuildPhase section */

/* Begin PBXFileReference section */
		FDD3D2002D75A6EB00C0BED4 /* GitUser.app */ = {isa = PBXFileReference; explicitFileType = wrapper.application; includeInIndex = 0; name = GitUser.app; path = "/Users/vinhtong/Projects/GitUser/build/Debug-iphoneos/GitUser.app"; sourceTree = "<absolute>"; };
		FDD3D2012D75A6EB00C0BED4 /* GitUserTests.xctest */ = {isa = PBXFileReference; explicitFileType = wrapper.cfbundle; includeInIndex = 0; name = GitUserTests.xctest; path = "/Users/vinhtong/Projects/GitUser/build/Debug-iphoneos/Tyme.app/PlugIns/GitUserTests.xctest"; sourceTree = "<absolute>"; };
		FDD3D2022D75A6EB00C0BED4 /* GitUserUITests.xctest */ = {isa = PBXFileReference; explicitFileType = wrapper.cfbundle; includeInIndex = 0; name = GitUserUITests.xctest; path = "/Users/vinhtong/Projects/GitUser/build/Debug-iphoneos/GitUserUITests-Runner.app/PlugIns/GitUserUITests.xctest"; sourceTree = "<absolute>"; };
		FDD3D2612D75A75F00C0BED4 /* TestUtils.framework */ = {isa = PBXFileReference; explicitFileType = wrapper.framework; includeInIndex = 0; name = TestUtils.framework; path = "/Users/vinhtong/Projects/GitUser/build/Debug-iphoneos/TestUtils.framework"; sourceTree = "<absolute>"; };
/* End PBXFileReference section */

/* Begin PBXFileSystemSynchronizedBuildFileExceptionSet section */
		FDD3D2672D75A75F00C0BED4 /* Exceptions for "TestUtils" folder in "TestUtils" target */ = {
			isa = PBXFileSystemSynchronizedBuildFileExceptionSet;
			publicHeaders = (
				TestUtils.h,
			);
			target = FDD3D2602D75A75F00C0BED4 /* TestUtils */;
		};
/* End PBXFileSystemSynchronizedBuildFileExceptionSet section */

/* Begin PBXFileSystemSynchronizedRootGroup section */
		FD4841E32D7096E60037AA76 /* GitUser */ = {
			isa = PBXFileSystemSynchronizedRootGroup;
			path = GitUser;
			sourceTree = "<group>";
		};
		FD4841F62D7096E70037AA76 /* GitUserTests */ = {
			isa = PBXFileSystemSynchronizedRootGroup;
			path = GitUserTests;
			sourceTree = "<group>";
		};
		FD4842002D7096E70037AA76 /* GitUserUITests */ = {
			isa = PBXFileSystemSynchronizedRootGroup;
			path = GitUserUITests;
			sourceTree = "<group>";
		};
		FDD3D2622D75A75F00C0BED4 /* TestUtils */ = {
			isa = PBXFileSystemSynchronizedRootGroup;
			exceptions = (
				FDD3D2672D75A75F00C0BED4 /* Exceptions for "TestUtils" folder in "TestUtils" target */,
			);
			path = TestUtils;
			sourceTree = "<group>";
		};
/* End PBXFileSystemSynchronizedRootGroup section */

/* Begin PBXFrameworksBuildPhase section */
		FD4841DE2D7096E60037AA76 /* Frameworks */ = {
			isa = PBXFrameworksBuildPhase;
			buildActionMask = 2147483647;
			files = (
			);
			runOnlyForDeploymentPostprocessing = 0;
		};
		FD4841F02D7096E70037AA76 /* Frameworks */ = {
			isa = PBXFrameworksBuildPhase;
			buildActionMask = 2147483647;
			files = (
			);
			runOnlyForDeploymentPostprocessing = 0;
		};
		FD4841FA2D7096E70037AA76 /* Frameworks */ = {
			isa = PBXFrameworksBuildPhase;
			buildActionMask = 2147483647;
			files = (
			);
			runOnlyForDeploymentPostprocessing = 0;
		};
		FDD3D25E2D75A75F00C0BED4 /* Frameworks */ = {
			isa = PBXFrameworksBuildPhase;
			buildActionMask = 2147483647;
			files = (
			);
			runOnlyForDeploymentPostprocessing = 0;
		};
/* End PBXFrameworksBuildPhase section */

/* Begin PBXGroup section */
		FD4841D82D7096E60037AA76 = {
			isa = PBXGroup;
			children = (
				FD4841E32D7096E60037AA76 /* GitUser */,
				FD4841F62D7096E70037AA76 /* GitUserTests */,
				FD4842002D7096E70037AA76 /* GitUserUITests */,
				FDD3D2622D75A75F00C0BED4 /* TestUtils */,
			);
			sourceTree = "<group>";
		};
/* End PBXGroup section */

/* Begin PBXHeadersBuildPhase section */
		FDD3D25C2D75A75F00C0BED4 /* Headers */ = {
			isa = PBXHeadersBuildPhase;
			buildActionMask = 2147483647;
			files = (
			);
			runOnlyForDeploymentPostprocessing = 0;
		};
/* End PBXHeadersBuildPhase section */

/* Begin PBXNativeTarget section */
		FD4841E02D7096E60037AA76 /* GitUser */ = {
			isa = PBXNativeTarget;
			buildConfigurationList = FD4842072D7096E70037AA76 /* Build configuration list for PBXNativeTarget "GitUser" */;
			buildPhases = (
				FD4841DD2D7096E60037AA76 /* Sources */,
				FD4841DE2D7096E60037AA76 /* Frameworks */,
				FD4841DF2D7096E60037AA76 /* Resources */,
			);
			buildRules = (
			);
			dependencies = (
			);
			fileSystemSynchronizedGroups = (
				FD4841E32D7096E60037AA76 /* GitUser */,
			);
			name = GitUser;
			packageProductDependencies = (
			);
			productName = Tyme;
			productReference = FDD3D2002D75A6EB00C0BED4 /* GitUser.app */;
			productType = "com.apple.product-type.application";
		};
		FD4841F22D7096E70037AA76 /* GitUserTests */ = {
			isa = PBXNativeTarget;
			buildConfigurationList = FD48420A2D7096E70037AA76 /* Build configuration list for PBXNativeTarget "GitUserTests" */;
			buildPhases = (
				FD4841EF2D7096E70037AA76 /* Sources */,
				FD4841F02D7096E70037AA76 /* Frameworks */,
				FD4841F12D7096E70037AA76 /* Resources */,
				FDD3D26E2D75A76E00C0BED4 /* Embed Frameworks */,
			);
			buildRules = (
			);
			dependencies = (
				FD4841F52D7096E70037AA76 /* PBXTargetDependency */,
				FDD3D26D2D75A76D00C0BED4 /* PBXTargetDependency */,
			);
			fileSystemSynchronizedGroups = (
				FD4841F62D7096E70037AA76 /* GitUserTests */,
			);
			name = GitUserTests;
			packageProductDependencies = (
			);
			productName = TymeTests;
			productReference = FDD3D2012D75A6EB00C0BED4 /* GitUserTests.xctest */;
			productType = "com.apple.product-type.bundle.unit-test";
		};
		FD4841FC2D7096E70037AA76 /* GitUserUITests */ = {
			isa = PBXNativeTarget;
			buildConfigurationList = FD48420D2D7096E70037AA76 /* Build configuration list for PBXNativeTarget "GitUserUITests" */;
			buildPhases = (
				FD4841F92D7096E70037AA76 /* Sources */,
				FD4841FA2D7096E70037AA76 /* Frameworks */,
				FD4841FB2D7096E70037AA76 /* Resources */,
				FDD3D2732D75A77100C0BED4 /* Embed Frameworks */,
			);
			buildRules = (
			);
			dependencies = (
				FD4841FF2D7096E70037AA76 /* PBXTargetDependency */,
				FDD3D2722D75A77100C0BED4 /* PBXTargetDependency */,
			);
			fileSystemSynchronizedGroups = (
				FD4842002D7096E70037AA76 /* GitUserUITests */,
			);
			name = GitUserUITests;
			packageProductDependencies = (
			);
			productName = TymeUITests;
			productReference = FDD3D2022D75A6EB00C0BED4 /* GitUserUITests.xctest */;
			productType = "com.apple.product-type.bundle.ui-testing";
		};
		FDD3D2602D75A75F00C0BED4 /* TestUtils */ = {
			isa = PBXNativeTarget;
			buildConfigurationList = FDD3D2682D75A75F00C0BED4 /* Build configuration list for PBXNativeTarget "TestUtils" */;
			buildPhases = (
				FDD3D25C2D75A75F00C0BED4 /* Headers */,
				FDD3D25D2D75A75F00C0BED4 /* Sources */,
				FDD3D25E2D75A75F00C0BED4 /* Frameworks */,
				FDD3D25F2D75A75F00C0BED4 /* Resources */,
			);
			buildRules = (
			);
			dependencies = (
			);
			fileSystemSynchronizedGroups = (
				FDD3D2622D75A75F00C0BED4 /* TestUtils */,
			);
			name = TestUtils;
			packageProductDependencies = (
			);
			productName = TestUtils;
			productReference = FDD3D2612D75A75F00C0BED4 /* TestUtils.framework */;
			productType = "com.apple.product-type.framework";
		};
/* End PBXNativeTarget section */

/* Begin PBXProject section */
		FD4841D92D7096E60037AA76 /* Project object */ = {
			isa = PBXProject;
			attributes = {
				BuildIndependentTargetsInParallel = 1;
				LastSwiftUpdateCheck = 1620;
				LastUpgradeCheck = 1620;
				TargetAttributes = {
					FD4841E02D7096E60037AA76 = {
						CreatedOnToolsVersion = 16.2;
					};
					FD4841F22D7096E70037AA76 = {
						CreatedOnToolsVersion = 16.2;
						TestTargetID = FD4841E02D7096E60037AA76;
					};
					FD4841FC2D7096E70037AA76 = {
						CreatedOnToolsVersion = 16.2;
						TestTargetID = FD4841E02D7096E60037AA76;
					};
					FDD3D2602D75A75F00C0BED4 = {
						CreatedOnToolsVersion = 16.2;
					};
				};
			};
			buildConfigurationList = FD4841DC2D7096E60037AA76 /* Build configuration list for PBXProject "GitUser" */;
			developmentRegion = en;
			hasScannedForEncodings = 0;
			knownRegions = (
				en,
				Base,
			);
			mainGroup = FD4841D82D7096E60037AA76;
			minimizedProjectReferenceProxies = 1;
			preferredProjectObjectVersion = 77;
			productRefGroup = FD4841D82D7096E60037AA76;
			projectDirPath = "";
			projectRoot = "";
			targets = (
				FD4841E02D7096E60037AA76 /* GitUser */,
				FD4841F22D7096E70037AA76 /* GitUserTests */,
				FD4841FC2D7096E70037AA76 /* GitUserUITests */,
				FDD3D2602D75A75F00C0BED4 /* TestUtils */,
			);
		};
/* End PBXProject section */

/* Begin PBXResourcesBuildPhase section */
		FD4841DF2D7096E60037AA76 /* Resources */ = {
			isa = PBXResourcesBuildPhase;
			buildActionMask = 2147483647;
			files = (
			);
			runOnlyForDeploymentPostprocessing = 0;
		};
		FD4841F12D7096E70037AA76 /* Resources */ = {
			isa = PBXResourcesBuildPhase;
			buildActionMask = 2147483647;
			files = (
			);
			runOnlyForDeploymentPostprocessing = 0;
		};
		FD4841FB2D7096E70037AA76 /* Resources */ = {
			isa = PBXResourcesBuildPhase;
			buildActionMask = 2147483647;
			files = (
			);
			runOnlyForDeploymentPostprocessing = 0;
		};
		FDD3D25F2D75A75F00C0BED4 /* Resources */ = {
			isa = PBXResourcesBuildPhase;
			buildActionMask = 2147483647;
			files = (
			);
			runOnlyForDeploymentPostprocessing = 0;
		};
/* End PBXResourcesBuildPhase section */

/* Begin PBXSourcesBuildPhase section */
		FD4841DD2D7096E60037AA76 /* Sources */ = {
			isa = PBXSourcesBuildPhase;
			buildActionMask = 2147483647;
			files = (
			);
			runOnlyForDeploymentPostprocessing = 0;
		};
		FD4841EF2D7096E70037AA76 /* Sources */ = {
			isa = PBXSourcesBuildPhase;
			buildActionMask = 2147483647;
			files = (
			);
			runOnlyForDeploymentPostprocessing = 0;
		};
		FD4841F92D7096E70037AA76 /* Sources */ = {
			isa = PBXSourcesBuildPhase;
			buildActionMask = 2147483647;
			files = (
			);
			runOnlyForDeploymentPostprocessing = 0;
		};
		FDD3D25D2D75A75F00C0BED4 /* Sources */ = {
			isa = PBXSourcesBuildPhase;
			buildActionMask = 2147483647;
			files = (
			);
			runOnlyForDeploymentPostprocessing = 0;
		};
/* End PBXSourcesBuildPhase section */

/* Begin PBXTargetDependency section */
		FD4841F52D7096E70037AA76 /* PBXTargetDependency */ = {
			isa = PBXTargetDependency;
			target = FD4841E02D7096E60037AA76 /* GitUser */;
			targetProxy = FD4841F42D7096E70037AA76 /* PBXContainerItemProxy */;
		};
		FD4841FF2D7096E70037AA76 /* PBXTargetDependency */ = {
			isa = PBXTargetDependency;
			target = FD4841E02D7096E60037AA76 /* GitUser */;
			targetProxy = FD4841FE2D7096E70037AA76 /* PBXContainerItemProxy */;
		};
		FDD3D26D2D75A76D00C0BED4 /* PBXTargetDependency */ = {
			isa = PBXTargetDependency;
			target = FDD3D2602D75A75F00C0BED4 /* TestUtils */;
			targetProxy = FDD3D26C2D75A76D00C0BED4 /* PBXContainerItemProxy */;
		};
		FDD3D2722D75A77100C0BED4 /* PBXTargetDependency */ = {
			isa = PBXTargetDependency;
			target = FDD3D2602D75A75F00C0BED4 /* TestUtils */;
			targetProxy = FDD3D2712D75A77100C0BED4 /* PBXContainerItemProxy */;
		};
/* End PBXTargetDependency section */

/* Begin XCBuildConfiguration section */
		FD4842052D7096E70037AA76 /* Debug */ = {
			isa = XCBuildConfiguration;
			buildSettings = {
				ALWAYS_SEARCH_USER_PATHS = NO;
				ASSETCATALOG_COMPILER_GENERATE_SWIFT_ASSET_SYMBOL_EXTENSIONS = YES;
				CLANG_ANALYZER_NONNULL = YES;
				CLANG_ANALYZER_NUMBER_OBJECT_CONVERSION = YES_AGGRESSIVE;
				CLANG_CXX_LANGUAGE_STANDARD = "gnu++20";
				CLANG_ENABLE_MODULES = YES;
				CLANG_ENABLE_OBJC_ARC = YES;
				CLANG_ENABLE_OBJC_WEAK = YES;
				CLANG_WARN_BLOCK_CAPTURE_AUTORELEASING = YES;
				CLANG_WARN_BOOL_CONVERSION = YES;
				CLANG_WARN_COMMA = YES;
				CLANG_WARN_CONSTANT_CONVERSION = YES;
				CLANG_WARN_DEPRECATED_OBJC_IMPLEMENTATIONS = YES;
				CLANG_WARN_DIRECT_OBJC_ISA_USAGE = YES_ERROR;
				CLANG_WARN_DOCUMENTATION_COMMENTS = YES;
				CLANG_WARN_EMPTY_BODY = YES;
				CLANG_WARN_ENUM_CONVERSION = YES;
				CLANG_WARN_INFINITE_RECURSION = YES;
				CLANG_WARN_INT_CONVERSION = YES;
				CLANG_WARN_NON_LITERAL_NULL_CONVERSION = YES;
				CLANG_WARN_OBJC_IMPLICIT_RETAIN_SELF = YES;
				CLANG_WARN_OBJC_LITERAL_CONVERSION = YES;
				CLANG_WARN_OBJC_ROOT_CLASS = YES_ERROR;
				CLANG_WARN_QUOTED_INCLUDE_IN_FRAMEWORK_HEADER = YES;
				CLANG_WARN_RANGE_LOOP_ANALYSIS = YES;
				CLANG_WARN_STRICT_PROTOTYPES = YES;
				CLANG_WARN_SUSPICIOUS_MOVE = YES;
				CLANG_WARN_UNGUARDED_AVAILABILITY = YES_AGGRESSIVE;
				CLANG_WARN_UNREACHABLE_CODE = YES;
				CLANG_WARN__DUPLICATE_METHOD_MATCH = YES;
				COPY_PHASE_STRIP = NO;
				DEBUG_INFORMATION_FORMAT = dwarf;
				ENABLE_STRICT_OBJC_MSGSEND = YES;
				ENABLE_TESTABILITY = YES;
				ENABLE_USER_SCRIPT_SANDBOXING = YES;
				GCC_C_LANGUAGE_STANDARD = gnu17;
				GCC_DYNAMIC_NO_PIC = NO;
				GCC_NO_COMMON_BLOCKS = YES;
				GCC_OPTIMIZATION_LEVEL = 0;
				GCC_PREPROCESSOR_DEFINITIONS = (
					"DEBUG=1",
					"$(inherited)",
				);
				GCC_WARN_64_TO_32_BIT_CONVERSION = YES;
				GCC_WARN_ABOUT_RETURN_TYPE = YES_ERROR;
				GCC_WARN_UNDECLARED_SELECTOR = YES;
				GCC_WARN_UNINITIALIZED_AUTOS = YES_AGGRESSIVE;
				GCC_WARN_UNUSED_FUNCTION = YES;
				GCC_WARN_UNUSED_VARIABLE = YES;
				IPHONEOS_DEPLOYMENT_TARGET = 18.2;
				LOCALIZATION_PREFERS_STRING_CATALOGS = YES;
				MTL_ENABLE_DEBUG_INFO = INCLUDE_SOURCE;
				MTL_FAST_MATH = YES;
				ONLY_ACTIVE_ARCH = YES;
				SDKROOT = iphoneos;
				SWIFT_ACTIVE_COMPILATION_CONDITIONS = "DEBUG $(inherited)";
				SWIFT_OPTIMIZATION_LEVEL = "-Onone";
			};
			name = Debug;
		};
		FD4842062D7096E70037AA76 /* Release */ = {
			isa = XCBuildConfiguration;
			buildSettings = {
				ALWAYS_SEARCH_USER_PATHS = NO;
				ASSETCATALOG_COMPILER_GENERATE_SWIFT_ASSET_SYMBOL_EXTENSIONS = YES;
				CLANG_ANALYZER_NONNULL = YES;
				CLANG_ANALYZER_NUMBER_OBJECT_CONVERSION = YES_AGGRESSIVE;
				CLANG_CXX_LANGUAGE_STANDARD = "gnu++20";
				CLANG_ENABLE_MODULES = YES;
				CLANG_ENABLE_OBJC_ARC = YES;
				CLANG_ENABLE_OBJC_WEAK = YES;
				CLANG_WARN_BLOCK_CAPTURE_AUTORELEASING = YES;
				CLANG_WARN_BOOL_CONVERSION = YES;
				CLANG_WARN_COMMA = YES;
				CLANG_WARN_CONSTANT_CONVERSION = YES;
				CLANG_WARN_DEPRECATED_OBJC_IMPLEMENTATIONS = YES;
				CLANG_WARN_DIRECT_OBJC_ISA_USAGE = YES_ERROR;
				CLANG_WARN_DOCUMENTATION_COMMENTS = YES;
				CLANG_WARN_EMPTY_BODY = YES;
				CLANG_WARN_ENUM_CONVERSION = YES;
				CLANG_WARN_INFINITE_RECURSION = YES;
				CLANG_WARN_INT_CONVERSION = YES;
				CLANG_WARN_NON_LITERAL_NULL_CONVERSION = YES;
				CLANG_WARN_OBJC_IMPLICIT_RETAIN_SELF = YES;
				CLANG_WARN_OBJC_LITERAL_CONVERSION = YES;
				CLANG_WARN_OBJC_ROOT_CLASS = YES_ERROR;
				CLANG_WARN_QUOTED_INCLUDE_IN_FRAMEWORK_HEADER = YES;
				CLANG_WARN_RANGE_LOOP_ANALYSIS = YES;
				CLANG_WARN_STRICT_PROTOTYPES = YES;
				CLANG_WARN_SUSPICIOUS_MOVE = YES;
				CLANG_WARN_UNGUARDED_AVAILABILITY = YES_AGGRESSIVE;
				CLANG_WARN_UNREACHABLE_CODE = YES;
				CLANG_WARN__DUPLICATE_METHOD_MATCH = YES;
				COPY_PHASE_STRIP = NO;
				DEBUG_INFORMATION_FORMAT = "dwarf-with-dsym";
				ENABLE_NS_ASSERTIONS = NO;
				ENABLE_STRICT_OBJC_MSGSEND = YES;
				ENABLE_USER_SCRIPT_SANDBOXING = YES;
				GCC_C_LANGUAGE_STANDARD = gnu17;
				GCC_NO_COMMON_BLOCKS = YES;
				GCC_WARN_64_TO_32_BIT_CONVERSION = YES;
				GCC_WARN_ABOUT_RETURN_TYPE = YES_ERROR;
				GCC_WARN_UNDECLARED_SELECTOR = YES;
				GCC_WARN_UNINITIALIZED_AUTOS = YES_AGGRESSIVE;
				GCC_WARN_UNUSED_FUNCTION = YES;
				GCC_WARN_UNUSED_VARIABLE = YES;
				IPHONEOS_DEPLOYMENT_TARGET = 18.2;
				LOCALIZATION_PREFERS_STRING_CATALOGS = YES;
				MTL_ENABLE_DEBUG_INFO = NO;
				MTL_FAST_MATH = YES;
				SDKROOT = iphoneos;
				SWIFT_COMPILATION_MODE = wholemodule;
				VALIDATE_PRODUCT = YES;
			};
			name = Release;
		};
		FD4842082D7096E70037AA76 /* Debug */ = {
			isa = XCBuildConfiguration;
			buildSettings = {
				ASSETCATALOG_COMPILER_APPICON_NAME = AppIcon;
				ASSETCATALOG_COMPILER_GLOBAL_ACCENT_COLOR_NAME = AccentColor;
				CODE_SIGN_IDENTITY = "Apple Development";
				CODE_SIGN_STYLE = Automatic;
				CURRENT_PROJECT_VERSION = 1;
				DEVELOPMENT_ASSET_PATHS = "";
				DEVELOPMENT_TEAM = "";
				ENABLE_PREVIEWS = YES;
				GENERATE_INFOPLIST_FILE = YES;
				INFOPLIST_KEY_CFBundleDisplayName = OctopusHub;
				INFOPLIST_KEY_UIApplicationSceneManifest_Generation = YES;
				INFOPLIST_KEY_UIApplicationSupportsIndirectInputEvents = YES;
				INFOPLIST_KEY_UILaunchScreen_Generation = YES;
				INFOPLIST_KEY_UISupportedInterfaceOrientations_iPad = "UIInterfaceOrientationPortrait UIInterfaceOrientationPortraitUpsideDown UIInterfaceOrientationLandscapeLeft UIInterfaceOrientationLandscapeRight";
				INFOPLIST_KEY_UISupportedInterfaceOrientations_iPhone = "UIInterfaceOrientationPortrait UIInterfaceOrientationLandscapeLeft UIInterfaceOrientationLandscapeRight";
				IPHONEOS_DEPLOYMENT_TARGET = 17.6;
				LD_RUNPATH_SEARCH_PATHS = (
					"$(inherited)",
					"@executable_path/Frameworks",
				);
				MARKETING_VERSION = 1.0;
				PRODUCT_BUNDLE_IDENTIFIER = com.vinhlabs.test.gituser;
				PRODUCT_NAME = "$(TARGET_NAME)";
				PROVISIONING_PROFILE_SPECIFIER = "";
				SWIFT_EMIT_LOC_STRINGS = YES;
				SWIFT_VERSION = 5.0;
				TARGETED_DEVICE_FAMILY = "1,2";
			};
			name = Debug;
		};
		FD4842092D7096E70037AA76 /* Release */ = {
			isa = XCBuildConfiguration;
			buildSettings = {
				ASSETCATALOG_COMPILER_APPICON_NAME = AppIcon;
				ASSETCATALOG_COMPILER_GLOBAL_ACCENT_COLOR_NAME = AccentColor;
				CODE_SIGN_IDENTITY = "Apple Development";
				CODE_SIGN_STYLE = Automatic;
				CURRENT_PROJECT_VERSION = 1;
				DEVELOPMENT_ASSET_PATHS = "";
				DEVELOPMENT_TEAM = "";
				ENABLE_PREVIEWS = YES;
				GENERATE_INFOPLIST_FILE = YES;
				INFOPLIST_KEY_CFBundleDisplayName = OctopusHub;
				INFOPLIST_KEY_UIApplicationSceneManifest_Generation = YES;
				INFOPLIST_KEY_UIApplicationSupportsIndirectInputEvents = YES;
				INFOPLIST_KEY_UILaunchScreen_Generation = YES;
				INFOPLIST_KEY_UISupportedInterfaceOrientations_iPad = "UIInterfaceOrientationPortrait UIInterfaceOrientationPortraitUpsideDown UIInterfaceOrientationLandscapeLeft UIInterfaceOrientationLandscapeRight";
				INFOPLIST_KEY_UISupportedInterfaceOrientations_iPhone = "UIInterfaceOrientationPortrait UIInterfaceOrientationLandscapeLeft UIInterfaceOrientationLandscapeRight";
				IPHONEOS_DEPLOYMENT_TARGET = 17.6;
				LD_RUNPATH_SEARCH_PATHS = (
					"$(inherited)",
					"@executable_path/Frameworks",
				);
				MARKETING_VERSION = 1.0;
				PRODUCT_BUNDLE_IDENTIFIER = com.vinhlabs.test.gituser;
				PRODUCT_NAME = "$(TARGET_NAME)";
				PROVISIONING_PROFILE_SPECIFIER = "";
				SWIFT_EMIT_LOC_STRINGS = YES;
				SWIFT_VERSION = 5.0;
				TARGETED_DEVICE_FAMILY = "1,2";
			};
			name = Release;
		};
		FD48420B2D7096E70037AA76 /* Debug */ = {
			isa = XCBuildConfiguration;
			buildSettings = {
				BUNDLE_LOADER = "$(TEST_HOST)";
				CODE_SIGN_STYLE = Automatic;
				CURRENT_PROJECT_VERSION = 1;
				GENERATE_INFOPLIST_FILE = YES;
				IPHONEOS_DEPLOYMENT_TARGET = 17.6;
				MARKETING_VERSION = 1.0;
				PRODUCT_BUNDLE_IDENTIFIER = com.vinhlabs.test.TymeTests;
				PRODUCT_NAME = "$(TARGET_NAME)";
				SWIFT_EMIT_LOC_STRINGS = NO;
				SWIFT_VERSION = 5.0;
				TARGETED_DEVICE_FAMILY = "1,2";
				TEST_HOST = "$(BUILT_PRODUCTS_DIR)/Tyme.app/$(BUNDLE_EXECUTABLE_FOLDER_PATH)/Tyme";
			};
			name = Debug;
		};
		FD48420C2D7096E70037AA76 /* Release */ = {
			isa = XCBuildConfiguration;
			buildSettings = {
				BUNDLE_LOADER = "$(TEST_HOST)";
				CODE_SIGN_STYLE = Automatic;
				CURRENT_PROJECT_VERSION = 1;
				GENERATE_INFOPLIST_FILE = YES;
				IPHONEOS_DEPLOYMENT_TARGET = 17.6;
				MARKETING_VERSION = 1.0;
				PRODUCT_BUNDLE_IDENTIFIER = com.vinhlabs.test.TymeTests;
				PRODUCT_NAME = "$(TARGET_NAME)";
				SWIFT_EMIT_LOC_STRINGS = NO;
				SWIFT_VERSION = 5.0;
				TARGETED_DEVICE_FAMILY = "1,2";
				TEST_HOST = "$(BUILT_PRODUCTS_DIR)/Tyme.app/$(BUNDLE_EXECUTABLE_FOLDER_PATH)/Tyme";
			};
			name = Release;
		};
		FD48420E2D7096E70037AA76 /* Debug */ = {
			isa = XCBuildConfiguration;
			buildSettings = {
				CODE_SIGN_STYLE = Automatic;
				CURRENT_PROJECT_VERSION = 1;
				GENERATE_INFOPLIST_FILE = YES;
				IPHONEOS_DEPLOYMENT_TARGET = 17.6;
				MARKETING_VERSION = 1.0;
				PRODUCT_BUNDLE_IDENTIFIER = com.vinhlabs.test.TymeUITests;
				PRODUCT_NAME = "$(TARGET_NAME)";
				SWIFT_EMIT_LOC_STRINGS = NO;
				SWIFT_VERSION = 5.0;
				TARGETED_DEVICE_FAMILY = "1,2";
				TEST_TARGET_NAME = Tyme;
			};
			name = Debug;
		};
		FD48420F2D7096E70037AA76 /* Release */ = {
			isa = XCBuildConfiguration;
			buildSettings = {
				CODE_SIGN_STYLE = Automatic;
				CURRENT_PROJECT_VERSION = 1;
				GENERATE_INFOPLIST_FILE = YES;
				IPHONEOS_DEPLOYMENT_TARGET = 17.6;
				MARKETING_VERSION = 1.0;
				PRODUCT_BUNDLE_IDENTIFIER = com.vinhlabs.test.TymeUITests;
				PRODUCT_NAME = "$(TARGET_NAME)";
				SWIFT_EMIT_LOC_STRINGS = NO;
				SWIFT_VERSION = 5.0;
				TARGETED_DEVICE_FAMILY = "1,2";
				TEST_TARGET_NAME = Tyme;
			};
			name = Release;
		};
		FDD3D2652D75A75F00C0BED4 /* Debug */ = {
			isa = XCBuildConfiguration;
			buildSettings = {
				BUILD_LIBRARY_FOR_DISTRIBUTION = YES;
				CODE_SIGN_STYLE = Automatic;
				CURRENT_PROJECT_VERSION = 1;
				DEFINES_MODULE = YES;
				DYLIB_COMPATIBILITY_VERSION = 1;
				DYLIB_CURRENT_VERSION = 1;
				DYLIB_INSTALL_NAME_BASE = "@rpath";
				ENABLE_MODULE_VERIFIER = YES;
				GENERATE_INFOPLIST_FILE = YES;
				INFOPLIST_KEY_NSHumanReadableCopyright = "";
				INSTALL_PATH = "$(LOCAL_LIBRARY_DIR)/Frameworks";
				LD_RUNPATH_SEARCH_PATHS = (
					"$(inherited)",
					"@executable_path/Frameworks",
					"@loader_path/Frameworks",
				);
				MARKETING_VERSION = 1.0;
				MODULE_VERIFIER_SUPPORTED_LANGUAGES = "objective-c objective-c++";
				MODULE_VERIFIER_SUPPORTED_LANGUAGE_STANDARDS = "gnu17 gnu++20";
				PRODUCT_BUNDLE_IDENTIFIER = com.vinhlabs.test.TestUtils;
				PRODUCT_NAME = "$(TARGET_NAME:c99extidentifier)";
				SKIP_INSTALL = YES;
				SWIFT_EMIT_LOC_STRINGS = YES;
				SWIFT_INSTALL_OBJC_HEADER = NO;
				SWIFT_VERSION = 5.0;
				TARGETED_DEVICE_FAMILY = "1,2";
				VERSIONING_SYSTEM = "apple-generic";
				VERSION_INFO_PREFIX = "";
			};
			name = Debug;
		};
		FDD3D2662D75A75F00C0BED4 /* Release */ = {
			isa = XCBuildConfiguration;
			buildSettings = {
				BUILD_LIBRARY_FOR_DISTRIBUTION = YES;
				CODE_SIGN_STYLE = Automatic;
				CURRENT_PROJECT_VERSION = 1;
				DEFINES_MODULE = YES;
				DYLIB_COMPATIBILITY_VERSION = 1;
				DYLIB_CURRENT_VERSION = 1;
				DYLIB_INSTALL_NAME_BASE = "@rpath";
				ENABLE_MODULE_VERIFIER = YES;
				GENERATE_INFOPLIST_FILE = YES;
				INFOPLIST_KEY_NSHumanReadableCopyright = "";
				INSTALL_PATH = "$(LOCAL_LIBRARY_DIR)/Frameworks";
				LD_RUNPATH_SEARCH_PATHS = (
					"$(inherited)",
					"@executable_path/Frameworks",
					"@loader_path/Frameworks",
				);
				MARKETING_VERSION = 1.0;
				MODULE_VERIFIER_SUPPORTED_LANGUAGES = "objective-c objective-c++";
				MODULE_VERIFIER_SUPPORTED_LANGUAGE_STANDARDS = "gnu17 gnu++20";
				PRODUCT_BUNDLE_IDENTIFIER = com.vinhlabs.test.TestUtils;
				PRODUCT_NAME = "$(TARGET_NAME:c99extidentifier)";
				SKIP_INSTALL = YES;
				SWIFT_EMIT_LOC_STRINGS = YES;
				SWIFT_INSTALL_OBJC_HEADER = NO;
				SWIFT_VERSION = 5.0;
				TARGETED_DEVICE_FAMILY = "1,2";
				VERSIONING_SYSTEM = "apple-generic";
				VERSION_INFO_PREFIX = "";
			};
			name = Release;
		};
/* End XCBuildConfiguration section */

/* Begin XCConfigurationList section */
		FD4841DC2D7096E60037AA76 /* Build configuration list for PBXProject "GitUser" */ = {
			isa = XCConfigurationList;
			buildConfigurations = (
				FD4842052D7096E70037AA76 /* Debug */,
				FD4842062D7096E70037AA76 /* Release */,
			);
			defaultConfigurationIsVisible = 0;
			defaultConfigurationName = Release;
		};
		FD4842072D7096E70037AA76 /* Build configuration list for PBXNativeTarget "GitUser" */ = {
			isa = XCConfigurationList;
			buildConfigurations = (
				FD4842082D7096E70037AA76 /* Debug */,
				FD4842092D7096E70037AA76 /* Release */,
			);
			defaultConfigurationIsVisible = 0;
			defaultConfigurationName = Release;
		};
		FD48420A2D7096E70037AA76 /* Build configuration list for PBXNativeTarget "GitUserTests" */ = {
			isa = XCConfigurationList;
			buildConfigurations = (
				FD48420B2D7096E70037AA76 /* Debug */,
				FD48420C2D7096E70037AA76 /* Release */,
			);
			defaultConfigurationIsVisible = 0;
			defaultConfigurationName = Release;
		};
		FD48420D2D7096E70037AA76 /* Build configuration list for PBXNativeTarget "GitUserUITests" */ = {
			isa = XCConfigurationList;
			buildConfigurations = (
				FD48420E2D7096E70037AA76 /* Debug */,
				FD48420F2D7096E70037AA76 /* Release */,
			);
			defaultConfigurationIsVisible = 0;
			defaultConfigurationName = Release;
		};
		FDD3D2682D75A75F00C0BED4 /* Build configuration list for PBXNativeTarget "TestUtils" */ = {
			isa = XCConfigurationList;
			buildConfigurations = (
				FDD3D2652D75A75F00C0BED4 /* Debug */,
				FDD3D2662D75A75F00C0BED4 /* Release */,
			);
			defaultConfigurationIsVisible = 0;
			defaultConfigurationName = Release;
		};
/* End XCConfigurationList section */
	};
	rootObject = FD4841D92D7096E60037AA76 /* Project object */;
}
